
Microsoft Visual Studio Solution File, Format Version 12.00
# Visual Studio 15
VisualStudioVersion = 15.0.27428.2043
MinimumVisualStudioVersion = 10.0.40219.1
Project("{FAE04EC0-301F-11D3-BF4B-00C04F79EFBC}") = "ISMT.Android", "ISMT\ISMT.Android\ISMT.Android.csproj", "{410693D2-5EEA-4D33-BD9D-655F70D5A4ED}"
EndProject
Project("{FAE04EC0-301F-11D3-BF4B-00C04F79EFBC}") = "ISMT.iOS", "ISMT\ISMT.iOS\ISMT.iOS.csproj", "{8C30A302-1458-4414-8E28-6755A9F4C644}"
EndProject
Project("{FAE04EC0-301F-11D3-BF4B-00C04F79EFBC}") = "ISMT", "ISMT\ISMT\ISMT.csproj", "{49688D8A-7592-4B7A-B57B-15C9CBD89C65}"
EndProject
Global
	GlobalSection(SolutionConfigurationPlatforms) = preSolution
		Ad-Hoc|Any CPU = Ad-Hoc|Any CPU
		Ad-Hoc|iPhone = Ad-Hoc|iPhone
		Ad-Hoc|iPhoneSimulator = Ad-Hoc|iPhoneSimulator
		AppStore|Any CPU = AppStore|Any CPU
		AppStore|iPhone = AppStore|iPhone
		AppStore|iPhoneSimulator = AppStore|iPhoneSimulator
		Debug|Any CPU = Debug|Any CPU
		Debug|iPhone = Debug|iPhone
		Debug|iPhoneSimulator = Debug|iPhoneSimulator
		Release|Any CPU = Release|Any CPU
		Release|iPhone = Release|iPhone
		Release|iPhoneSimulator = Release|iPhoneSimulator
	EndGlobalSection
	GlobalSection(ProjectConfigurationPlatforms) = postSolution
		{410693D2-5EEA-4D33-BD9D-655F70D5A4ED}.Ad-Hoc|Any CPU.ActiveCfg = Release|Any CPU
		{410693D2-5EEA-4D33-BD9D-655F70D5A4ED}.Ad-Hoc|Any CPU.Build.0 = Release|Any CPU
		{410693D2-5EEA-4D33-BD9D-655F70D5A4ED}.Ad-Hoc|Any CPU.Deploy.0 = Release|Any CPU
		{410693D2-5EEA-4D33-BD9D-655F70D5A4ED}.Ad-Hoc|iPhone.ActiveCfg = Release|Any CPU
		{410693D2-5EEA-4D33-BD9D-655F70D5A4ED}.Ad-Hoc|iPhone.Build.0 = Release|Any CPU
		{410693D2-5EEA-4D33-BD9D-655F70D5A4ED}.Ad-Hoc|iPhone.Deploy.0 = Release|Any CPU
		{410693D2-5EEA-4D33-BD9D-655F70D5A4ED}.Ad-Hoc|iPhoneSimulator.ActiveCfg = Release|Any CPU
		{410693D2-5EEA-4D33-BD9D-655F70D5A4ED}.Ad-Hoc|iPhoneSimulator.Build.0 = Release|Any CPU
		{410693D2-5EEA-4D33-BD9D-655F70D5A4ED}.Ad-Hoc|iPhoneSimulator.Deploy.0 = Release|Any CPU
		{410693D2-5EEA-4D33-BD9D-655F70D5A4ED}.AppStore|Any CPU.ActiveCfg = Release|Any CPU
		{410693D2-5EEA-4D33-BD9D-655F70D5A4ED}.AppStore|Any CPU.Build.0 = Release|Any CPU
		{410693D2-5EEA-4D33-BD9D-655F70D5A4ED}.AppStore|Any CPU.Deploy.0 = Release|Any CPU
		{410693D2-5EEA-4D33-BD9D-655F70D5A4ED}.AppStore|iPhone.ActiveCfg = Release|Any CPU
		{410693D2-5EEA-4D33-BD9D-655F70D5A4ED}.AppStore|iPhone.Build.0 = Release|Any CPU
		{410693D2-5EEA-4D33-BD9D-655F70D5A4ED}.AppStore|iPhone.Deploy.0 = Release|Any CPU
		{410693D2-5EEA-4D33-BD9D-655F70D5A4ED}.AppStore|iPhoneSimulator.ActiveCfg = Release|Any CPU
		{410693D2-5EEA-4D33-BD9D-655F70D5A4ED}.AppStore|iPhoneSimulator.Build.0 = Release|Any CPU
		{410693D2-5EEA-4D33-BD9D-655F70D5A4ED}.AppStore|iPhoneSimulator.Deploy.0 = Release|Any CPU
		{410693D2-5EEA-4D33-BD9D-655F70D5A4ED}.Debug|Any CPU.ActiveCfg = Debug|Any CPU
		{410693D2-5EEA-4D33-BD9D-655F70D5A4ED}.Debug|Any CPU.Build.0 = Debug|Any CPU
		{410693D2-5EEA-4D33-BD9D-655F70D5A4ED}.Debug|Any CPU.Deploy.0 = Debug|Any CPU
		{410693D2-5EEA-4D33-BD9D-655F70D5A4ED}.Debug|iPhone.ActiveCfg = Debug|Any CPU
		{410693D2-5EEA-4D33-BD9D-655F70D5A4ED}.Debug|iPhone.Build.0 = Debug|Any CPU
		{410693D2-5EEA-4D33-BD9D-655F70D5A4ED}.Debug|iPhone.Deploy.0 = Debug|Any CPU
		{410693D2-5EEA-4D33-BD9D-655F70D5A4ED}.Debug|iPhoneSimulator.ActiveCfg = Debug|Any CPU
		{410693D2-5EEA-4D33-BD9D-655F70D5A4ED}.Debug|iPhoneSimulator.Build.0 = Debug|Any CPU
		{410693D2-5EEA-4D33-BD9D-655F70D5A4ED}.Debug|iPhoneSimulator.Deploy.0 = Debug|Any CPU
		{410693D2-5EEA-4D33-BD9D-655F70D5A4ED}.Release|Any CPU.ActiveCfg = Release|Any CPU
		{410693D2-5EEA-4D33-BD9D-655F70D5A4ED}.Release|Any CPU.Build.0 = Release|Any CPU
		{410693D2-5EEA-4D33-BD9D-655F70D5A4ED}.Release|Any CPU.Deploy.0 = Release|Any CPU
		{410693D2-5EEA-4D33-BD9D-655F70D5A4ED}.Release|iPhone.ActiveCfg = Release|Any CPU
		{410693D2-5EEA-4D33-BD9D-655F70D5A4ED}.Release|iPhone.Build.0 = Release|Any CPU
		{410693D2-5EEA-4D33-BD9D-655F70D5A4ED}.Release|iPhone.Deploy.0 = Release|Any CPU
		{410693D2-5EEA-4D33-BD9D-655F70D5A4ED}.Release|iPhoneSimulator.ActiveCfg = Release|Any CPU
		{410693D2-5EEA-4D33-BD9D-655F70D5A4ED}.Release|iPhoneSimulator.Build.0 = Release|Any CPU
		{410693D2-5EEA-4D33-BD9D-655F70D5A4ED}.Release|iPhoneSimulator.Deploy.0 = Release|Any CPU
		{8C30A302-1458-4414-8E28-6755A9F4C644}.Ad-Hoc|Any CPU.ActiveCfg = Ad-Hoc|iPhone
		{8C30A302-1458-4414-8E28-6755A9F4C644}.Ad-Hoc|iPhone.ActiveCfg = Ad-Hoc|iPhone
		{8C30A302-1458-4414-8E28-6755A9F4C644}.Ad-Hoc|iPhone.Build.0 = Ad-Hoc|iPhone
		{8C30A302-1458-4414-8E28-6755A9F4C644}.Ad-Hoc|iPhoneSimulator.ActiveCfg = Ad-Hoc|iPhoneSimulator
		{8C30A302-1458-4414-8E28-6755A9F4C644}.Ad-Hoc|iPhoneSimulator.Build.0 = Ad-Hoc|iPhoneSimulator
		{8C30A302-1458-4414-8E28-6755A9F4C644}.AppStore|Any CPU.ActiveCfg = AppStore|iPhone
		{8C30A302-1458-4414-8E28-6755A9F4C644}.AppStore|iPhone.ActiveCfg = AppStore|iPhone
		{8C30A302-1458-4414-8E28-6755A9F4C644}.AppStore|iPhone.Build.0 = AppStore|iPhone
		{8C30A302-1458-4414-8E28-6755A9F4C644}.AppStore|iPhoneSimulator.ActiveCfg = AppStore|iPhoneSimulator
		{8C30A302-1458-4414-8E28-6755A9F4C644}.AppStore|iPhoneSimulator.Build.0 = AppStore|iPhoneSimulator
		{8C30A302-1458-4414-8E28-6755A9F4C644}.Debug|Any CPU.ActiveCfg = Debug|iPhone
		{8C30A302-1458-4414-8E28-6755A9F4C644}.Debug|iPhone.ActiveCfg = Debug|iPhone
		{8C30A302-1458-4414-8E28-6755A9F4C644}.Debug|iPhone.Build.0 = Debug|iPhone
		{8C30A302-1458-4414-8E28-6755A9F4C644}.Debug|iPhoneSimulator.ActiveCfg = Debug|iPhoneSimulator
		{8C30A302-1458-4414-8E28-6755A9F4C644}.Debug|iPhoneSimulator.Build.0 = Debug|iPhoneSimulator
		{8C30A302-1458-4414-8E28-6755A9F4C644}.Release|Any CPU.ActiveCfg = Release|iPhone
		{8C30A302-1458-4414-8E28-6755A9F4C644}.Release|iPhone.ActiveCfg = Release|iPhone
		{8C30A302-1458-4414-8E28-6755A9F4C644}.Release|iPhone.Build.0 = Release|iPhone
		{8C30A302-1458-4414-8E28-6755A9F4C644}.Release|iPhoneSimulator.ActiveCfg = Release|iPhoneSimulator
		{8C30A302-1458-4414-8E28-6755A9F4C644}.Release|iPhoneSimulator.Build.0 = Release|iPhoneSimulator
		{49688D8A-7592-4B7A-B57B-15C9CBD89C65}.Ad-Hoc|Any CPU.ActiveCfg = Debug|Any CPU
		{49688D8A-7592-4B7A-B57B-15C9CBD89C65}.Ad-Hoc|Any CPU.Build.0 = Debug|Any CPU
		{49688D8A-7592-4B7A-B57B-15C9CBD89C65}.Ad-Hoc|iPhone.ActiveCfg = Debug|Any CPU
		{49688D8A-7592-4B7A-B57B-15C9CBD89C65}.Ad-Hoc|iPhone.Build.0 = Debug|Any CPU
		{49688D8A-7592-4B7A-B57B-15C9CBD89C65}.Ad-Hoc|iPhoneSimulator.ActiveCfg = Debug|Any CPU
		{49688D8A-7592-4B7A-B57B-15C9CBD89C65}.Ad-Hoc|iPhoneSimulator.Build.0 = Debug|Any CPU
		{49688D8A-7592-4B7A-B57B-15C9CBD89C65}.AppStore|Any CPU.ActiveCfg = Debug|Any CPU
		{49688D8A-7592-4B7A-B57B-15C9CBD89C65}.AppStore|Any CPU.Build.0 = Debug|Any CPU
		{49688D8A-7592-4B7A-B57B-15C9CBD89C65}.AppStore|iPhone.ActiveCfg = Debug|Any CPU
		{49688D8A-7592-4B7A-B57B-15C9CBD89C65}.AppStore|iPhone.Build.0 = Debug|Any CPU
		{49688D8A-7592-4B7A-B57B-15C9CBD89C65}.AppStore|iPhoneSimulator.ActiveCfg = Debug|Any CPU
		{49688D8A-7592-4B7A-B57B-15C9CBD89C65}.AppStore|iPhoneSimulator.Build.0 = Debug|Any CPU
		{49688D8A-7592-4B7A-B57B-15C9CBD89C65}.Debug|Any CPU.ActiveCfg = Debug|Any CPU
		{49688D8A-7592-4B7A-B57B-15C9CBD89C65}.Debug|Any CPU.Build.0 = Debug|Any CPU
		{49688D8A-7592-4B7A-B57B-15C9CBD89C65}.Debug|iPhone.ActiveCfg = Debug|Any CPU
		{49688D8A-7592-4B7A-B57B-15C9CBD89C65}.Debug|iPhone.Build.0 = Debug|Any CPU
		{49688D8A-7592-4B7A-B57B-15C9CBD89C65}.Debug|iPhoneSimulator.ActiveCfg = Debug|Any CPU
		{49688D8A-7592-4B7A-B57B-15C9CBD89C65}.Debug|iPhoneSimulator.Build.0 = Debug|Any CPU
		{49688D8A-7592-4B7A-B57B-15C9CBD89C65}.Release|Any CPU.ActiveCfg = Release|Any CPU
		{49688D8A-7592-4B7A-B57B-15C9CBD89C65}.Release|Any CPU.Build.0 = Release|Any CPU
		{49688D8A-7592-4B7A-B57B-15C9CBD89C65}.Release|iPhone.ActiveCfg = Release|Any CPU
		{49688D8A-7592-4B7A-B57B-15C9CBD89C65}.Release|iPhone.Build.0 = Release|Any CPU
		{49688D8A-7592-4B7A-B57B-15C9CBD89C65}.Release|iPhoneSimulator.ActiveCfg = Release|Any CPU
		{49688D8A-7592-4B7A-B57B-15C9CBD89C65}.Release|iPhoneSimulator.Build.0 = Release|Any CPU
	EndGlobalSection
	GlobalSection(SolutionProperties) = preSolution
		HideSolutionNode = FALSE
	EndGlobalSection
	GlobalSection(ExtensibilityGlobals) = postSolution
		SolutionGuid = {E3F9A257-5482-4145-8CB6-0F6E798B0991}
	EndGlobalSection
EndGlobal
